// !$*UTF8*$!
{
	archiveVersion = 1;
	classes = {
	};
	objectVersion = 46;
	objects = {

/* Begin PBXBuildFile section */
		2151403D1B1C4AC800626143 /* POSSchedulableObjectTests.m in Sources */ = {isa = PBXBuildFile; fileRef = 21FE2CF21B135E1500E0EF52 /* POSSchedulableObjectTests.m */; };
		2151403E1B1C4EA700626143 /* POSTaskTests.m in Sources */ = {isa = PBXBuildFile; fileRef = 2151403A1B188B5500626143 /* POSTaskTests.m */; };
		21FE2CED1B133D5000E0EF52 /* POSTask.m in Sources */ = {isa = PBXBuildFile; fileRef = 21FE2CEC1B133D5000E0EF52 /* POSTask.m */; };
		21FE2CF11B133E3A00E0EF52 /* POSSchedulableObject.m in Sources */ = {isa = PBXBuildFile; fileRef = 21FE2CF01B133E3A00E0EF52 /* POSSchedulableObject.m */; };
		21FE2CF71B136ED600E0EF52 /* POSSchedulableObjectMocks.m in Sources */ = {isa = PBXBuildFile; fileRef = 21FE2CF61B136ED600E0EF52 /* POSSchedulableObjectMocks.m */; };
		26152BE9F834EE7E1A9E9F08 /* libPods-POSReactiveExtensionsTests.a in Frameworks */ = {isa = PBXBuildFile; fileRef = B43AC0DE4637C6E03F8A76B3 /* libPods-POSReactiveExtensionsTests.a */; };
/* End PBXBuildFile section */

/* Begin PBXContainerItemProxy section */
		21FE2CDE1B133D1200E0EF52 /* PBXContainerItemProxy */ = {
			isa = PBXContainerItemProxy;
			containerPortal = 21FE2CC91B133D1200E0EF52 /* Project object */;
			proxyType = 1;
			remoteGlobalIDString = 21FE2CD01B133D1200E0EF52;
			remoteInfo = POSReactiveExtensions;
		};
/* End PBXContainerItemProxy section */

/* Begin PBXCopyFilesBuildPhase section */
		21FE2CCF1B133D1200E0EF52 /* CopyFiles */ = {
			isa = PBXCopyFilesBuildPhase;
			buildActionMask = 2147483647;
			dstPath = "include/$(PRODUCT_NAME)";
			dstSubfolderSpec = 16;
			files = (
			);
			runOnlyForDeploymentPostprocessing = 0;
		};
/* End PBXCopyFilesBuildPhase section */

/* Begin PBXFileReference section */
		1C2913BE03C90F6AE96F3295 /* Pods-POSReactiveExtensionsTests.release.xcconfig */ = {isa = PBXFileReference; includeInIndex = 1; lastKnownFileType = text.xcconfig; name = "Pods-POSReactiveExtensionsTests.release.xcconfig"; path = "Pods/Target Support Files/Pods-POSReactiveExtensionsTests/Pods-POSReactiveExtensionsTests.release.xcconfig"; sourceTree = "<group>"; };
		2151403A1B188B5500626143 /* POSTaskTests.m */ = {isa = PBXFileReference; fileEncoding = 4; lastKnownFileType = sourcecode.c.objc; path = POSTaskTests.m; sourceTree = "<group>"; };
		2151403F1B1C4FDC00626143 /* POSReactiveExtensions.h */ = {isa = PBXFileReference; lastKnownFileType = sourcecode.c.h; path = POSReactiveExtensions.h; sourceTree = "<group>"; };
		21FE2CD11B133D1200E0EF52 /* libPOSReactiveExtensions.a */ = {isa = PBXFileReference; explicitFileType = archive.ar; includeInIndex = 0; path = libPOSReactiveExtensions.a; sourceTree = BUILT_PRODUCTS_DIR; };
		21FE2CDC1B133D1200E0EF52 /* POSReactiveExtensionsTests.xctest */ = {isa = PBXFileReference; explicitFileType = wrapper.cfbundle; includeInIndex = 0; path = POSReactiveExtensionsTests.xctest; sourceTree = BUILT_PRODUCTS_DIR; };
		21FE2CE21B133D1200E0EF52 /* Info.plist */ = {isa = PBXFileReference; lastKnownFileType = text.plist.xml; path = Info.plist; sourceTree = "<group>"; };
		21FE2CEB1B133D5000E0EF52 /* POSTask.h */ = {isa = PBXFileReference; fileEncoding = 4; lastKnownFileType = sourcecode.c.h; path = POSTask.h; sourceTree = "<group>"; };
		21FE2CEC1B133D5000E0EF52 /* POSTask.m */ = {isa = PBXFileReference; fileEncoding = 4; lastKnownFileType = sourcecode.c.objc; path = POSTask.m; sourceTree = "<group>"; };
		21FE2CEE1B133E3A00E0EF52 /* POSSchedulable.h */ = {isa = PBXFileReference; fileEncoding = 4; lastKnownFileType = sourcecode.c.h; path = POSSchedulable.h; sourceTree = "<group>"; };
		21FE2CEF1B133E3A00E0EF52 /* POSSchedulableObject.h */ = {isa = PBXFileReference; fileEncoding = 4; lastKnownFileType = sourcecode.c.h; path = POSSchedulableObject.h; sourceTree = "<group>"; };
		21FE2CF01B133E3A00E0EF52 /* POSSchedulableObject.m */ = {isa = PBXFileReference; fileEncoding = 4; lastKnownFileType = sourcecode.c.objc; path = POSSchedulableObject.m; sourceTree = "<group>"; };
		21FE2CF21B135E1500E0EF52 /* POSSchedulableObjectTests.m */ = {isa = PBXFileReference; fileEncoding = 4; lastKnownFileType = sourcecode.c.objc; path = POSSchedulableObjectTests.m; sourceTree = "<group>"; };
		21FE2CF51B136ED600E0EF52 /* POSSchedulableObjectMocks.h */ = {isa = PBXFileReference; fileEncoding = 4; lastKnownFileType = sourcecode.c.h; path = POSSchedulableObjectMocks.h; sourceTree = "<group>"; };
		21FE2CF61B136ED600E0EF52 /* POSSchedulableObjectMocks.m */ = {isa = PBXFileReference; fileEncoding = 4; lastKnownFileType = sourcecode.c.objc; path = POSSchedulableObjectMocks.m; sourceTree = "<group>"; };
		B43AC0DE4637C6E03F8A76B3 /* libPods-POSReactiveExtensionsTests.a */ = {isa = PBXFileReference; explicitFileType = archive.ar; includeInIndex = 0; path = "libPods-POSReactiveExtensionsTests.a"; sourceTree = BUILT_PRODUCTS_DIR; };
		CE1D5E8414F994844DD04691 /* Pods-POSReactiveExtensionsTests.debug.xcconfig */ = {isa = PBXFileReference; includeInIndex = 1; lastKnownFileType = text.xcconfig; name = "Pods-POSReactiveExtensionsTests.debug.xcconfig"; path = "Pods/Target Support Files/Pods-POSReactiveExtensionsTests/Pods-POSReactiveExtensionsTests.debug.xcconfig"; sourceTree = "<group>"; };
/* End PBXFileReference section */

/* Begin PBXFrameworksBuildPhase section */
		21FE2CCE1B133D1200E0EF52 /* Frameworks */ = {
			isa = PBXFrameworksBuildPhase;
			buildActionMask = 2147483647;
			files = (
			);
			runOnlyForDeploymentPostprocessing = 0;
		};
		21FE2CD91B133D1200E0EF52 /* Frameworks */ = {
			isa = PBXFrameworksBuildPhase;
			buildActionMask = 2147483647;
			files = (
				26152BE9F834EE7E1A9E9F08 /* libPods-POSReactiveExtensionsTests.a in Frameworks */,
			);
			runOnlyForDeploymentPostprocessing = 0;
		};
/* End PBXFrameworksBuildPhase section */

/* Begin PBXGroup section */
		21FE2CC81B133D1200E0EF52 = {
			isa = PBXGroup;
			children = (
				21FE2CD31B133D1200E0EF52 /* POSReactiveExtensions */,
				21FE2CE01B133D1200E0EF52 /* POSReactiveExtensionsTests */,
				21FE2CD21B133D1200E0EF52 /* Products */,
				71364785BCF26FD6BC1A6DB5 /* Frameworks */,
				C6CD3A8E2434C4F441664620 /* Pods */,
			);
			sourceTree = "<group>";
		};
		21FE2CD21B133D1200E0EF52 /* Products */ = {
			isa = PBXGroup;
			children = (
				21FE2CD11B133D1200E0EF52 /* libPOSReactiveExtensions.a */,
				21FE2CDC1B133D1200E0EF52 /* POSReactiveExtensionsTests.xctest */,
			);
			name = Products;
			sourceTree = "<group>";
		};
		21FE2CD31B133D1200E0EF52 /* POSReactiveExtensions */ = {
			isa = PBXGroup;
			children = (
				21FE2CEE1B133E3A00E0EF52 /* POSSchedulable.h */,
				21FE2CEF1B133E3A00E0EF52 /* POSSchedulableObject.h */,
				21FE2CF01B133E3A00E0EF52 /* POSSchedulableObject.m */,
				21FE2CEB1B133D5000E0EF52 /* POSTask.h */,
				21FE2CEC1B133D5000E0EF52 /* POSTask.m */,
				2151403F1B1C4FDC00626143 /* POSReactiveExtensions.h */,
			);
			path = POSReactiveExtensions;
			sourceTree = "<group>";
		};
		21FE2CE01B133D1200E0EF52 /* POSReactiveExtensionsTests */ = {
			isa = PBXGroup;
			children = (
				21FE2CF51B136ED600E0EF52 /* POSSchedulableObjectMocks.h */,
				21FE2CF61B136ED600E0EF52 /* POSSchedulableObjectMocks.m */,
				21FE2CF21B135E1500E0EF52 /* POSSchedulableObjectTests.m */,
				2151403A1B188B5500626143 /* POSTaskTests.m */,
				21FE2CE11B133D1200E0EF52 /* Supporting Files */,
			);
			path = POSReactiveExtensionsTests;
			sourceTree = "<group>";
		};
		21FE2CE11B133D1200E0EF52 /* Supporting Files */ = {
			isa = PBXGroup;
			children = (
				21FE2CE21B133D1200E0EF52 /* Info.plist */,
			);
			name = "Supporting Files";
			sourceTree = "<group>";
		};
		71364785BCF26FD6BC1A6DB5 /* Frameworks */ = {
			isa = PBXGroup;
			children = (
				B43AC0DE4637C6E03F8A76B3 /* libPods-POSReactiveExtensionsTests.a */,
			);
			name = Frameworks;
			sourceTree = "<group>";
		};
		C6CD3A8E2434C4F441664620 /* Pods */ = {
			isa = PBXGroup;
			children = (
				CE1D5E8414F994844DD04691 /* Pods-POSReactiveExtensionsTests.debug.xcconfig */,
				1C2913BE03C90F6AE96F3295 /* Pods-POSReactiveExtensionsTests.release.xcconfig */,
			);
			name = Pods;
			sourceTree = "<group>";
		};
/* End PBXGroup section */

/* Begin PBXNativeTarget section */
		21FE2CD01B133D1200E0EF52 /* POSReactiveExtensions */ = {
			isa = PBXNativeTarget;
			buildConfigurationList = 21FE2CE51B133D1200E0EF52 /* Build configuration list for PBXNativeTarget "POSReactiveExtensions" */;
			buildPhases = (
				21FE2CCD1B133D1200E0EF52 /* Sources */,
				21FE2CCE1B133D1200E0EF52 /* Frameworks */,
				21FE2CCF1B133D1200E0EF52 /* CopyFiles */,
			);
			buildRules = (
			);
			dependencies = (
			);
			name = POSReactiveExtensions;
			productName = POSReactiveExtensions;
			productReference = 21FE2CD11B133D1200E0EF52 /* libPOSReactiveExtensions.a */;
			productType = "com.apple.product-type.library.static";
		};
		21FE2CDB1B133D1200E0EF52 /* POSReactiveExtensionsTests */ = {
			isa = PBXNativeTarget;
			buildConfigurationList = 21FE2CE81B133D1200E0EF52 /* Build configuration list for PBXNativeTarget "POSReactiveExtensionsTests" */;
			buildPhases = (
				6A8C61DB67EB00A0FB174F4A /* Check Pods Manifest.lock */,
				21FE2CD81B133D1200E0EF52 /* Sources */,
				21FE2CD91B133D1200E0EF52 /* Frameworks */,
				21FE2CDA1B133D1200E0EF52 /* Resources */,
				BD72B7A74422DBCEF1F4C809 /* Copy Pods Resources */,
			);
			buildRules = (
			);
			dependencies = (
				21FE2CDF1B133D1200E0EF52 /* PBXTargetDependency */,
			);
			name = POSReactiveExtensionsTests;
			productName = POSReactiveExtensionsTests;
			productReference = 21FE2CDC1B133D1200E0EF52 /* POSReactiveExtensionsTests.xctest */;
			productType = "com.apple.product-type.bundle.unit-test";
		};
/* End PBXNativeTarget section */

/* Begin PBXProject section */
		21FE2CC91B133D1200E0EF52 /* Project object */ = {
			isa = PBXProject;
			attributes = {
				LastUpgradeCheck = 0630;
				ORGANIZATIONNAME = "Pavel Osipov";
				TargetAttributes = {
					21FE2CD01B133D1200E0EF52 = {
						CreatedOnToolsVersion = 6.3;
					};
					21FE2CDB1B133D1200E0EF52 = {
						CreatedOnToolsVersion = 6.3;
					};
				};
			};
			buildConfigurationList = 21FE2CCC1B133D1200E0EF52 /* Build configuration list for PBXProject "POSReactiveExtensions" */;
			compatibilityVersion = "Xcode 3.2";
			developmentRegion = English;
			hasScannedForEncodings = 0;
			knownRegions = (
				en,
			);
			mainGroup = 21FE2CC81B133D1200E0EF52;
			productRefGroup = 21FE2CD21B133D1200E0EF52 /* Products */;
			projectDirPath = "";
			projectRoot = "";
			targets = (
				21FE2CD01B133D1200E0EF52 /* POSReactiveExtensions */,
				21FE2CDB1B133D1200E0EF52 /* POSReactiveExtensionsTests */,
			);
		};
/* End PBXProject section */

/* Begin PBXResourcesBuildPhase section */
		21FE2CDA1B133D1200E0EF52 /* Resources */ = {
			isa = PBXResourcesBuildPhase;
			buildActionMask = 2147483647;
			files = (
			);
			runOnlyForDeploymentPostprocessing = 0;
		};
/* End PBXResourcesBuildPhase section */

/* Begin PBXShellScriptBuildPhase section */
		6A8C61DB67EB00A0FB174F4A /* Check Pods Manifest.lock */ = {
			isa = PBXShellScriptBuildPhase;
			buildActionMask = 2147483647;
			files = (
			);
			inputPaths = (
			);
			name = "Check Pods Manifest.lock";
			outputPaths = (
			);
			runOnlyForDeploymentPostprocessing = 0;
			shellPath = /bin/sh;
			shellScript = "diff \"${PODS_ROOT}/../Podfile.lock\" \"${PODS_ROOT}/Manifest.lock\" > /dev/null\nif [[ $? != 0 ]] ; then\n    cat << EOM\nerror: The sandbox is not in sync with the Podfile.lock. Run 'pod install' or update your CocoaPods installation.\nEOM\n    exit 1\nfi\n";
			showEnvVarsInLog = 0;
		};
		BD72B7A74422DBCEF1F4C809 /* Copy Pods Resources */ = {
			isa = PBXShellScriptBuildPhase;
			buildActionMask = 2147483647;
			files = (
			);
			inputPaths = (
			);
			name = "Copy Pods Resources";
			outputPaths = (
			);
			runOnlyForDeploymentPostprocessing = 0;
			shellPath = /bin/sh;
			shellScript = "\"${SRCROOT}/Pods/Target Support Files/Pods-POSReactiveExtensionsTests/Pods-POSReactiveExtensionsTests-resources.sh\"\n";
			showEnvVarsInLog = 0;
		};
/* End PBXShellScriptBuildPhase section */

/* Begin PBXSourcesBuildPhase section */
		21FE2CCD1B133D1200E0EF52 /* Sources */ = {
			isa = PBXSourcesBuildPhase;
			buildActionMask = 2147483647;
			files = (
				21FE2CF11B133E3A00E0EF52 /* POSSchedulableObject.m in Sources */,
				21FE2CED1B133D5000E0EF52 /* POSTask.m in Sources */,
			);
			runOnlyForDeploymentPostprocessing = 0;
		};
		21FE2CD81B133D1200E0EF52 /* Sources */ = {
			isa = PBXSourcesBuildPhase;
			buildActionMask = 2147483647;
			files = (
				2151403D1B1C4AC800626143 /* POSSchedulableObjectTests.m in Sources */,
				21FE2CF71B136ED600E0EF52 /* POSSchedulableObjectMocks.m in Sources */,
				2151403E1B1C4EA700626143 /* POSTaskTests.m in Sources */,
			);
			runOnlyForDeploymentPostprocessing = 0;
		};
/* End PBXSourcesBuildPhase section */

/* Begin PBXTargetDependency section */
		21FE2CDF1B133D1200E0EF52 /* PBXTargetDependency */ = {
			isa = PBXTargetDependency;
			target = 21FE2CD01B133D1200E0EF52 /* POSReactiveExtensions */;
			targetProxy = 21FE2CDE1B133D1200E0EF52 /* PBXContainerItemProxy */;
		};
/* End PBXTargetDependency section */

/* Begin XCBuildConfiguration section */
		21FE2CE31B133D1200E0EF52 /* Debug */ = {
			isa = XCBuildConfiguration;
			buildSettings = {
				ALWAYS_SEARCH_USER_PATHS = NO;
				CLANG_CXX_LANGUAGE_STANDARD = "gnu++0x";
				CLANG_CXX_LIBRARY = "libc++";
				CLANG_ENABLE_MODULES = YES;
				CLANG_ENABLE_OBJC_ARC = YES;
				CLANG_WARN_BOOL_CONVERSION = YES;
				CLANG_WARN_CONSTANT_CONVERSION = YES;
				CLANG_WARN_DIRECT_OBJC_ISA_USAGE = YES_ERROR;
				CLANG_WARN_EMPTY_BODY = YES;
				CLANG_WARN_ENUM_CONVERSION = YES;
				CLANG_WARN_INT_CONVERSION = YES;
				CLANG_WARN_OBJC_ROOT_CLASS = YES_ERROR;
				CLANG_WARN_UNREACHABLE_CODE = YES;
				CLANG_WARN__DUPLICATE_METHOD_MATCH = YES;
				COPY_PHASE_STRIP = NO;
				DEBUG_INFORMATION_FORMAT = "dwarf-with-dsym";
				ENABLE_STRICT_OBJC_MSGSEND = YES;
				GCC_C_LANGUAGE_STANDARD = gnu99;
				GCC_DYNAMIC_NO_PIC = NO;
				GCC_NO_COMMON_BLOCKS = YES;
				GCC_OPTIMIZATION_LEVEL = 0;
				GCC_PREPROCESSOR_DEFINITIONS = (
					"DEBUG=1",
					"$(inherited)",
				);
				GCC_SYMBOLS_PRIVATE_EXTERN = NO;
				GCC_WARN_64_TO_32_BIT_CONVERSION = YES;
				GCC_WARN_ABOUT_RETURN_TYPE = YES_ERROR;
				GCC_WARN_UNDECLARED_SELECTOR = YES;
				GCC_WARN_UNINITIALIZED_AUTOS = YES_AGGRESSIVE;
				GCC_WARN_UNUSED_FUNCTION = YES;
				GCC_WARN_UNUSED_VARIABLE = YES;
				IPHONEOS_DEPLOYMENT_TARGET = 8.3;
				MTL_ENABLE_DEBUG_INFO = YES;
				ONLY_ACTIVE_ARCH = YES;
				SDKROOT = iphoneos;
			};
			name = Debug;
		};
		21FE2CE41B133D1200E0EF52 /* Release */ = {
			isa = XCBuildConfiguration;
			buildSettings = {
				ALWAYS_SEARCH_USER_PATHS = NO;
				CLANG_CXX_LANGUAGE_STANDARD = "gnu++0x";
				CLANG_CXX_LIBRARY = "libc++";
				CLANG_ENABLE_MODULES = YES;
				CLANG_ENABLE_OBJC_ARC = YES;
				CLANG_WARN_BOOL_CONVERSION = YES;
				CLANG_WARN_CONSTANT_CONVERSION = YES;
				CLANG_WARN_DIRECT_OBJC_ISA_USAGE = YES_ERROR;
				CLANG_WARN_EMPTY_BODY = YES;
				CLANG_WARN_ENUM_CONVERSION = YES;
				CLANG_WARN_INT_CONVERSION = YES;
				CLANG_WARN_OBJC_ROOT_CLASS = YES_ERROR;
				CLANG_WARN_UNREACHABLE_CODE = YES;
				CLANG_WARN__DUPLICATE_METHOD_MATCH = YES;
				COPY_PHASE_STRIP = NO;
				DEBUG_INFORMATION_FORMAT = "dwarf-with-dsym";
				ENABLE_NS_ASSERTIONS = NO;
				ENABLE_STRICT_OBJC_MSGSEND = YES;
				GCC_C_LANGUAGE_STANDARD = gnu99;
				GCC_NO_COMMON_BLOCKS = YES;
				GCC_WARN_64_TO_32_BIT_CONVERSION = YES;
				GCC_WARN_ABOUT_RETURN_TYPE = YES_ERROR;
				GCC_WARN_UNDECLARED_SELECTOR = YES;
				GCC_WARN_UNINITIALIZED_AUTOS = YES_AGGRESSIVE;
				GCC_WARN_UNUSED_FUNCTION = YES;
				GCC_WARN_UNUSED_VARIABLE = YES;
				IPHONEOS_DEPLOYMENT_TARGET = 8.3;
				MTL_ENABLE_DEBUG_INFO = NO;
				SDKROOT = iphoneos;
				VALIDATE_PRODUCT = YES;
			};
			name = Release;
		};
		21FE2CE61B133D1200E0EF52 /* Debug */ = {
			isa = XCBuildConfiguration;
			buildSettings = {
				HEADER_SEARCH_PATHS = (
					"$(inherited)",
					"\"${PODS_ROOT}/Headers/Public\"",
					/Applications/Xcode.app/Contents/Developer/Toolchains/XcodeDefault.xctoolchain/usr/include,
				);
				PODS_ROOT = "${SRCROOT}/Pods";
				PRODUCT_NAME = "$(TARGET_NAME)";
				SKIP_INSTALL = YES;
			};
			name = Debug;
		};
		21FE2CE71B133D1200E0EF52 /* Release */ = {
			isa = XCBuildConfiguration;
			buildSettings = {
				HEADER_SEARCH_PATHS = (
					"$(inherited)",
					"\"${PODS_ROOT}/Headers/Public\"",
					/Applications/Xcode.app/Contents/Developer/Toolchains/XcodeDefault.xctoolchain/usr/include,
				);
				PODS_ROOT = "${SRCROOT}/Pods";
				PRODUCT_NAME = "$(TARGET_NAME)";
				SKIP_INSTALL = YES;
			};
			name = Release;
		};
		21FE2CE91B133D1200E0EF52 /* Debug */ = {
			isa = XCBuildConfiguration;
			baseConfigurationReference = CE1D5E8414F994844DD04691 /* Pods-POSReactiveExtensionsTests.debug.xcconfig */;
			buildSettings = {
				"CODE_SIGN_IDENTITY[sdk=iphoneos*]" = "iPhone Developer";
				FRAMEWORK_SEARCH_PATHS = (
					"$(SDKROOT)/Developer/Library/Frameworks",
					"$(inherited)",
				);
				GCC_PREPROCESSOR_DEFINITIONS = "$(inherited)";
				INFOPLIST_FILE = POSReactiveExtensionsTests/Info.plist;
				LD_RUNPATH_SEARCH_PATHS = "$(inherited) @executable_path/Frameworks @loader_path/Frameworks";
				PRODUCT_NAME = "$(TARGET_NAME)";
			};
			name = Debug;
		};
		21FE2CEA1B133D1200E0EF52 /* Release */ = {
			isa = XCBuildConfiguration;
			baseConfigurationReference = 1C2913BE03C90F6AE96F3295 /* Pods-POSReactiveExtensionsTests.release.xcconfig */;
			buildSettings = {
				"CODE_SIGN_IDENTITY[sdk=iphoneos*]" = "iPhone Developer";
				FRAMEWORK_SEARCH_PATHS = (
					"$(SDKROOT)/Developer/Library/Frameworks",
					"$(inherited)",
				);
				INFOPLIST_FILE = POSReactiveExtensionsTests/Info.plist;
				LD_RUNPATH_SEARCH_PATHS = "$(inherited) @executable_path/Frameworks @loader_path/Frameworks";
				PRODUCT_NAME = "$(TARGET_NAME)";
			};
			name = Release;
		};
/* End XCBuildConfiguration section */

/* Begin XCConfigurationList section */
		21FE2CCC1B133D1200E0EF52 /* Build configuration list for PBXProject "POSReactiveExtensions" */ = {
			isa = XCConfigurationList;
			buildConfigurations = (
				21FE2CE31B133D1200E0EF52 /* Debug */,
				21FE2CE41B133D1200E0EF52 /* Release */,
			);
			defaultConfigurationIsVisible = 0;
			defaultConfigurationName = Release;
		};
		21FE2CE51B133D1200E0EF52 /* Build configuration list for PBXNativeTarget "POSReactiveExtensions" */ = {
			isa = XCConfigurationList;
			buildConfigurations = (
				21FE2CE61B133D1200E0EF52 /* Debug */,
				21FE2CE71B133D1200E0EF52 /* Release */,
			);
			defaultConfigurationIsVisible = 0;
			defaultConfigurationName = Release;
		};
		21FE2CE81B133D1200E0EF52 /* Build configuration list for PBXNativeTarget "POSReactiveExtensionsTests" */ = {
			isa = XCConfigurationList;
			buildConfigurations = (
				21FE2CE91B133D1200E0EF52 /* Debug */,
				21FE2CEA1B133D1200E0EF52 /* Release */,
			);
			defaultConfigurationIsVisible = 0;
			defaultConfigurationName = Release;
		};
/* End XCConfigurationList section */
	};
	rootObject = 21FE2CC91B133D1200E0EF52 /* Project object */;
}
