// !$*UTF8*$!
{
	archiveVersion = 1;
	classes = {
	};
	objectVersion = 46;
	objects = {

/* Begin PBXBuildFile section */
		1936FDDE061907BFAB2145AE /* libPods-POSRxTests.a in Frameworks */ = {isa = PBXBuildFile; fileRef = D4F690DF728689B5020A334E /* libPods-POSRxTests.a */; };
		211A33471B9D726800D92A27 /* POSTaskTests.m in Sources */ = {isa = PBXBuildFile; fileRef = 211A33461B9D726800D92A27 /* POSTaskTests.m */; };
		211A33D41BA0267700D92A27 /* POSHTTPGatewayTests.m in Sources */ = {isa = PBXBuildFile; fileRef = 211A33D31BA0267700D92A27 /* POSHTTPGatewayTests.m */; };
		211A33D61BA0862100D92A27 /* POSTaskSchedulingTests.m in Sources */ = {isa = PBXBuildFile; fileRef = 211A33D51BA0862100D92A27 /* POSTaskSchedulingTests.m */; };
		212B41E71B85BC1D00B59E48 /* POSSchedulableObjectMocks.m in Sources */ = {isa = PBXBuildFile; fileRef = 212B41E31B85BC1D00B59E48 /* POSSchedulableObjectMocks.m */; };
		212B41E81B85BC1D00B59E48 /* POSSchedulableObjectTests.m in Sources */ = {isa = PBXBuildFile; fileRef = 212B41E41B85BC1D00B59E48 /* POSSchedulableObjectTests.m */; };
		21B23CF41BA1AD67006D4FAA /* POSHTTPGatewayLeakTests.m in Sources */ = {isa = PBXBuildFile; fileRef = 21B23CF31BA1AD67006D4FAA /* POSHTTPGatewayLeakTests.m */; };
		E946DE501BA3852C00942CDE /* POSHTTPGateway.m in Sources */ = {isa = PBXBuildFile; fileRef = E946DE211BA3852C00942CDE /* POSHTTPGateway.m */; };
		E946DE521BA3852C00942CDE /* POSHTTPRequestExecutionOptions.m in Sources */ = {isa = PBXBuildFile; fileRef = E946DE261BA3852C00942CDE /* POSHTTPRequestExecutionOptions.m */; };
		E946DE531BA3852C00942CDE /* POSHTTPRequestOptions.m in Sources */ = {isa = PBXBuildFile; fileRef = E946DE281BA3852C00942CDE /* POSHTTPRequestOptions.m */; };
		E946DE541BA3852C00942CDE /* POSHTTPRequestSimulationOptions.m in Sources */ = {isa = PBXBuildFile; fileRef = E946DE2A1BA3852C00942CDE /* POSHTTPRequestSimulationOptions.m */; };
		E946DE551BA3852C00942CDE /* POSHTTPBackgroundUploadRequest.m in Sources */ = {isa = PBXBuildFile; fileRef = E946DE2D1BA3852C00942CDE /* POSHTTPBackgroundUploadRequest.m */; };
		E946DE561BA3852C00942CDE /* POSHTTPDownloadRequest.m in Sources */ = {isa = PBXBuildFile; fileRef = E946DE2F1BA3852C00942CDE /* POSHTTPDownloadRequest.m */; };
		E946DE571BA3852C00942CDE /* POSHTTPRequest.m in Sources */ = {isa = PBXBuildFile; fileRef = E946DE311BA3852C00942CDE /* POSHTTPRequest.m */; };
		E946DE581BA3852C00942CDE /* POSHTTPUploadRequest.m in Sources */ = {isa = PBXBuildFile; fileRef = E946DE331BA3852C00942CDE /* POSHTTPUploadRequest.m */; };
		E946DE591BA3852C00942CDE /* POSHTTPResponse.m in Sources */ = {isa = PBXBuildFile; fileRef = E946DE361BA3852C00942CDE /* POSHTTPResponse.m */; };
		E946DE5A1BA3852C00942CDE /* POSHTTPBackgroundUploadDescription.m in Sources */ = {isa = PBXBuildFile; fileRef = E946DE391BA3852C00942CDE /* POSHTTPBackgroundUploadDescription.m */; };
		E946DE5B1BA3852C00942CDE /* POSSchedulableObject.m in Sources */ = {isa = PBXBuildFile; fileRef = E946DE3E1BA3852C00942CDE /* POSSchedulableObject.m */; };
		E946DE5C1BA3852C00942CDE /* POSTask.m in Sources */ = {isa = PBXBuildFile; fileRef = E946DE401BA3852C00942CDE /* POSTask.m */; };
		E946DE5D1BA3852C00942CDE /* NSDictionary+POSRx.m in Sources */ = {isa = PBXBuildFile; fileRef = E946DE431BA3852C00942CDE /* NSDictionary+POSRx.m */; };
		E946DE5E1BA3852C00942CDE /* NSError+POSRx.m in Sources */ = {isa = PBXBuildFile; fileRef = E946DE451BA3852C00942CDE /* NSError+POSRx.m */; };
		E946DE5F1BA3852C00942CDE /* NSException+POSRx.m in Sources */ = {isa = PBXBuildFile; fileRef = E946DE471BA3852C00942CDE /* NSException+POSRx.m */; };
		E946DE601BA3852C00942CDE /* NSObject+POSRx.m in Sources */ = {isa = PBXBuildFile; fileRef = E946DE491BA3852C00942CDE /* NSObject+POSRx.m */; };
		E946DE611BA3852C00942CDE /* NSURL+POSRx.m in Sources */ = {isa = PBXBuildFile; fileRef = E946DE4B1BA3852C00942CDE /* NSURL+POSRx.m */; };
		E946DE621BA3852C00942CDE /* NSURLCache+POSRx.m in Sources */ = {isa = PBXBuildFile; fileRef = E946DE4D1BA3852C00942CDE /* NSURLCache+POSRx.m */; };
		E946DE631BA3852C00942CDE /* POSSystemInfo.m in Sources */ = {isa = PBXBuildFile; fileRef = E946DE4F1BA3852C00942CDE /* POSSystemInfo.m */; };
		E9C061F21BA46B42003B49B1 /* POSHTTPRequestProgress.m in Sources */ = {isa = PBXBuildFile; fileRef = E9C061F11BA46B42003B49B1 /* POSHTTPRequestProgress.m */; };
/* End PBXBuildFile section */

/* Begin PBXContainerItemProxy section */
		212B41C71B85B89300B59E48 /* PBXContainerItemProxy */ = {
			isa = PBXContainerItemProxy;
			containerPortal = 212B41B21B85B89300B59E48 /* Project object */;
			proxyType = 1;
			remoteGlobalIDString = 212B41B91B85B89300B59E48;
			remoteInfo = POSRx;
		};
/* End PBXContainerItemProxy section */

/* Begin PBXCopyFilesBuildPhase section */
		212B41B81B85B89300B59E48 /* CopyFiles */ = {
			isa = PBXCopyFilesBuildPhase;
			buildActionMask = 2147483647;
			dstPath = "include/$(PRODUCT_NAME)";
			dstSubfolderSpec = 16;
			files = (
			);
			runOnlyForDeploymentPostprocessing = 0;
		};
/* End PBXCopyFilesBuildPhase section */

/* Begin PBXFileReference section */
		211A33461B9D726800D92A27 /* POSTaskTests.m */ = {isa = PBXFileReference; fileEncoding = 4; lastKnownFileType = sourcecode.c.objc; path = POSTaskTests.m; sourceTree = "<group>"; };
		211A33D31BA0267700D92A27 /* POSHTTPGatewayTests.m */ = {isa = PBXFileReference; fileEncoding = 4; lastKnownFileType = sourcecode.c.objc; path = POSHTTPGatewayTests.m; sourceTree = "<group>"; };
		211A33D51BA0862100D92A27 /* POSTaskSchedulingTests.m */ = {isa = PBXFileReference; fileEncoding = 4; lastKnownFileType = sourcecode.c.objc; path = POSTaskSchedulingTests.m; sourceTree = "<group>"; };
		212B41BA1B85B89300B59E48 /* libPOSRx.a */ = {isa = PBXFileReference; explicitFileType = archive.ar; includeInIndex = 0; path = libPOSRx.a; sourceTree = BUILT_PRODUCTS_DIR; };
		212B41C51B85B89300B59E48 /* POSRxTests.xctest */ = {isa = PBXFileReference; explicitFileType = wrapper.cfbundle; includeInIndex = 0; path = POSRxTests.xctest; sourceTree = BUILT_PRODUCTS_DIR; };
		212B41CB1B85B89300B59E48 /* Info.plist */ = {isa = PBXFileReference; lastKnownFileType = text.plist.xml; path = Info.plist; sourceTree = "<group>"; };
		212B41E21B85BC1D00B59E48 /* POSSchedulableObjectMocks.h */ = {isa = PBXFileReference; fileEncoding = 4; lastKnownFileType = sourcecode.c.h; path = POSSchedulableObjectMocks.h; sourceTree = "<group>"; };
		212B41E31B85BC1D00B59E48 /* POSSchedulableObjectMocks.m */ = {isa = PBXFileReference; fileEncoding = 4; lastKnownFileType = sourcecode.c.objc; path = POSSchedulableObjectMocks.m; sourceTree = "<group>"; };
		212B41E41B85BC1D00B59E48 /* POSSchedulableObjectTests.m */ = {isa = PBXFileReference; fileEncoding = 4; lastKnownFileType = sourcecode.c.objc; path = POSSchedulableObjectTests.m; sourceTree = "<group>"; };
		21B23CF31BA1AD67006D4FAA /* POSHTTPGatewayLeakTests.m */ = {isa = PBXFileReference; fileEncoding = 4; lastKnownFileType = sourcecode.c.objc; path = POSHTTPGatewayLeakTests.m; sourceTree = "<group>"; };
		6DBCEF70C626019ADB0DC3AA /* Pods-POSRxTests.debug.xcconfig */ = {isa = PBXFileReference; includeInIndex = 1; lastKnownFileType = text.xcconfig; name = "Pods-POSRxTests.debug.xcconfig"; path = "Pods/Target Support Files/Pods-POSRxTests/Pods-POSRxTests.debug.xcconfig"; sourceTree = "<group>"; };
		8088C90EC5168CEB712A8776 /* Pods-POSRxTests.release.xcconfig */ = {isa = PBXFileReference; includeInIndex = 1; lastKnownFileType = text.xcconfig; name = "Pods-POSRxTests.release.xcconfig"; path = "Pods/Target Support Files/Pods-POSRxTests/Pods-POSRxTests.release.xcconfig"; sourceTree = "<group>"; };
		D4F690DF728689B5020A334E /* libPods-POSRxTests.a */ = {isa = PBXFileReference; explicitFileType = archive.ar; includeInIndex = 0; path = "libPods-POSRxTests.a"; sourceTree = BUILT_PRODUCTS_DIR; };
		E946DE201BA3852C00942CDE /* POSHTTPGateway.h */ = {isa = PBXFileReference; fileEncoding = 4; lastKnownFileType = sourcecode.c.h; path = POSHTTPGateway.h; sourceTree = "<group>"; };
		E946DE211BA3852C00942CDE /* POSHTTPGateway.m */ = {isa = PBXFileReference; fileEncoding = 4; lastKnownFileType = sourcecode.c.objc; path = POSHTTPGateway.m; sourceTree = "<group>"; };
		E946DE251BA3852C00942CDE /* POSHTTPRequestExecutionOptions.h */ = {isa = PBXFileReference; fileEncoding = 4; lastKnownFileType = sourcecode.c.h; path = POSHTTPRequestExecutionOptions.h; sourceTree = "<group>"; };
		E946DE261BA3852C00942CDE /* POSHTTPRequestExecutionOptions.m */ = {isa = PBXFileReference; fileEncoding = 4; lastKnownFileType = sourcecode.c.objc; path = POSHTTPRequestExecutionOptions.m; sourceTree = "<group>"; };
		E946DE271BA3852C00942CDE /* POSHTTPRequestOptions.h */ = {isa = PBXFileReference; fileEncoding = 4; lastKnownFileType = sourcecode.c.h; path = POSHTTPRequestOptions.h; sourceTree = "<group>"; };
		E946DE281BA3852C00942CDE /* POSHTTPRequestOptions.m */ = {isa = PBXFileReference; fileEncoding = 4; lastKnownFileType = sourcecode.c.objc; path = POSHTTPRequestOptions.m; sourceTree = "<group>"; };
		E946DE291BA3852C00942CDE /* POSHTTPRequestSimulationOptions.h */ = {isa = PBXFileReference; fileEncoding = 4; lastKnownFileType = sourcecode.c.h; path = POSHTTPRequestSimulationOptions.h; sourceTree = "<group>"; };
		E946DE2A1BA3852C00942CDE /* POSHTTPRequestSimulationOptions.m */ = {isa = PBXFileReference; fileEncoding = 4; lastKnownFileType = sourcecode.c.objc; path = POSHTTPRequestSimulationOptions.m; sourceTree = "<group>"; };
		E946DE2C1BA3852C00942CDE /* POSHTTPBackgroundUploadRequest.h */ = {isa = PBXFileReference; fileEncoding = 4; lastKnownFileType = sourcecode.c.h; path = POSHTTPBackgroundUploadRequest.h; sourceTree = "<group>"; };
		E946DE2D1BA3852C00942CDE /* POSHTTPBackgroundUploadRequest.m */ = {isa = PBXFileReference; fileEncoding = 4; lastKnownFileType = sourcecode.c.objc; path = POSHTTPBackgroundUploadRequest.m; sourceTree = "<group>"; };
		E946DE2E1BA3852C00942CDE /* POSHTTPDownloadRequest.h */ = {isa = PBXFileReference; fileEncoding = 4; lastKnownFileType = sourcecode.c.h; path = POSHTTPDownloadRequest.h; sourceTree = "<group>"; };
		E946DE2F1BA3852C00942CDE /* POSHTTPDownloadRequest.m */ = {isa = PBXFileReference; fileEncoding = 4; lastKnownFileType = sourcecode.c.objc; path = POSHTTPDownloadRequest.m; sourceTree = "<group>"; };
		E946DE301BA3852C00942CDE /* POSHTTPRequest.h */ = {isa = PBXFileReference; fileEncoding = 4; lastKnownFileType = sourcecode.c.h; path = POSHTTPRequest.h; sourceTree = "<group>"; };
		E946DE311BA3852C00942CDE /* POSHTTPRequest.m */ = {isa = PBXFileReference; fileEncoding = 4; lastKnownFileType = sourcecode.c.objc; path = POSHTTPRequest.m; sourceTree = "<group>"; };
		E946DE321BA3852C00942CDE /* POSHTTPUploadRequest.h */ = {isa = PBXFileReference; fileEncoding = 4; lastKnownFileType = sourcecode.c.h; path = POSHTTPUploadRequest.h; sourceTree = "<group>"; };
		E946DE331BA3852C00942CDE /* POSHTTPUploadRequest.m */ = {isa = PBXFileReference; fileEncoding = 4; lastKnownFileType = sourcecode.c.objc; path = POSHTTPUploadRequest.m; sourceTree = "<group>"; };
		E946DE351BA3852C00942CDE /* POSHTTPResponse.h */ = {isa = PBXFileReference; fileEncoding = 4; lastKnownFileType = sourcecode.c.h; path = POSHTTPResponse.h; sourceTree = "<group>"; };
		E946DE361BA3852C00942CDE /* POSHTTPResponse.m */ = {isa = PBXFileReference; fileEncoding = 4; lastKnownFileType = sourcecode.c.objc; path = POSHTTPResponse.m; sourceTree = "<group>"; };
		E946DE381BA3852C00942CDE /* POSHTTPBackgroundUploadDescription.h */ = {isa = PBXFileReference; fileEncoding = 4; lastKnownFileType = sourcecode.c.h; path = POSHTTPBackgroundUploadDescription.h; sourceTree = "<group>"; };
		E946DE391BA3852C00942CDE /* POSHTTPBackgroundUploadDescription.m */ = {isa = PBXFileReference; fileEncoding = 4; lastKnownFileType = sourcecode.c.objc; path = POSHTTPBackgroundUploadDescription.m; sourceTree = "<group>"; };
		E946DE3A1BA3852C00942CDE /* POSRx.h */ = {isa = PBXFileReference; fileEncoding = 4; lastKnownFileType = sourcecode.c.h; path = POSRx.h; sourceTree = "<group>"; };
		E946DE3C1BA3852C00942CDE /* POSSchedulable.h */ = {isa = PBXFileReference; fileEncoding = 4; lastKnownFileType = sourcecode.c.h; path = POSSchedulable.h; sourceTree = "<group>"; };
		E946DE3D1BA3852C00942CDE /* POSSchedulableObject.h */ = {isa = PBXFileReference; fileEncoding = 4; lastKnownFileType = sourcecode.c.h; path = POSSchedulableObject.h; sourceTree = "<group>"; };
		E946DE3E1BA3852C00942CDE /* POSSchedulableObject.m */ = {isa = PBXFileReference; fileEncoding = 4; lastKnownFileType = sourcecode.c.objc; path = POSSchedulableObject.m; sourceTree = "<group>"; };
		E946DE3F1BA3852C00942CDE /* POSTask.h */ = {isa = PBXFileReference; fileEncoding = 4; lastKnownFileType = sourcecode.c.h; path = POSTask.h; sourceTree = "<group>"; };
		E946DE401BA3852C00942CDE /* POSTask.m */ = {isa = PBXFileReference; fileEncoding = 4; lastKnownFileType = sourcecode.c.objc; path = POSTask.m; sourceTree = "<group>"; };
		E946DE421BA3852C00942CDE /* NSDictionary+POSRx.h */ = {isa = PBXFileReference; fileEncoding = 4; lastKnownFileType = sourcecode.c.h; path = "NSDictionary+POSRx.h"; sourceTree = "<group>"; };
		E946DE431BA3852C00942CDE /* NSDictionary+POSRx.m */ = {isa = PBXFileReference; fileEncoding = 4; lastKnownFileType = sourcecode.c.objc; path = "NSDictionary+POSRx.m"; sourceTree = "<group>"; };
		E946DE441BA3852C00942CDE /* NSError+POSRx.h */ = {isa = PBXFileReference; fileEncoding = 4; lastKnownFileType = sourcecode.c.h; path = "NSError+POSRx.h"; sourceTree = "<group>"; };
		E946DE451BA3852C00942CDE /* NSError+POSRx.m */ = {isa = PBXFileReference; fileEncoding = 4; lastKnownFileType = sourcecode.c.objc; path = "NSError+POSRx.m"; sourceTree = "<group>"; };
		E946DE461BA3852C00942CDE /* NSException+POSRx.h */ = {isa = PBXFileReference; fileEncoding = 4; lastKnownFileType = sourcecode.c.h; path = "NSException+POSRx.h"; sourceTree = "<group>"; };
		E946DE471BA3852C00942CDE /* NSException+POSRx.m */ = {isa = PBXFileReference; fileEncoding = 4; lastKnownFileType = sourcecode.c.objc; path = "NSException+POSRx.m"; sourceTree = "<group>"; };
		E946DE481BA3852C00942CDE /* NSObject+POSRx.h */ = {isa = PBXFileReference; fileEncoding = 4; lastKnownFileType = sourcecode.c.h; path = "NSObject+POSRx.h"; sourceTree = "<group>"; };
		E946DE491BA3852C00942CDE /* NSObject+POSRx.m */ = {isa = PBXFileReference; fileEncoding = 4; lastKnownFileType = sourcecode.c.objc; path = "NSObject+POSRx.m"; sourceTree = "<group>"; };
		E946DE4A1BA3852C00942CDE /* NSURL+POSRx.h */ = {isa = PBXFileReference; fileEncoding = 4; lastKnownFileType = sourcecode.c.h; path = "NSURL+POSRx.h"; sourceTree = "<group>"; };
		E946DE4B1BA3852C00942CDE /* NSURL+POSRx.m */ = {isa = PBXFileReference; fileEncoding = 4; lastKnownFileType = sourcecode.c.objc; path = "NSURL+POSRx.m"; sourceTree = "<group>"; };
		E946DE4C1BA3852C00942CDE /* NSURLCache+POSRx.h */ = {isa = PBXFileReference; fileEncoding = 4; lastKnownFileType = sourcecode.c.h; path = "NSURLCache+POSRx.h"; sourceTree = "<group>"; };
		E946DE4D1BA3852C00942CDE /* NSURLCache+POSRx.m */ = {isa = PBXFileReference; fileEncoding = 4; lastKnownFileType = sourcecode.c.objc; path = "NSURLCache+POSRx.m"; sourceTree = "<group>"; };
		E946DE4E1BA3852C00942CDE /* POSSystemInfo.h */ = {isa = PBXFileReference; fileEncoding = 4; lastKnownFileType = sourcecode.c.h; path = POSSystemInfo.h; sourceTree = "<group>"; };
		E946DE4F1BA3852C00942CDE /* POSSystemInfo.m */ = {isa = PBXFileReference; fileEncoding = 4; lastKnownFileType = sourcecode.c.objc; path = POSSystemInfo.m; sourceTree = "<group>"; };
		E9C061F01BA46B42003B49B1 /* POSHTTPRequestProgress.h */ = {isa = PBXFileReference; fileEncoding = 4; lastKnownFileType = sourcecode.c.h; path = POSHTTPRequestProgress.h; sourceTree = "<group>"; };
		E9C061F11BA46B42003B49B1 /* POSHTTPRequestProgress.m */ = {isa = PBXFileReference; fileEncoding = 4; lastKnownFileType = sourcecode.c.objc; path = POSHTTPRequestProgress.m; sourceTree = "<group>"; };
/* End PBXFileReference section */

/* Begin PBXFrameworksBuildPhase section */
		212B41B71B85B89300B59E48 /* Frameworks */ = {
			isa = PBXFrameworksBuildPhase;
			buildActionMask = 2147483647;
			files = (
			);
			runOnlyForDeploymentPostprocessing = 0;
		};
		212B41C21B85B89300B59E48 /* Frameworks */ = {
			isa = PBXFrameworksBuildPhase;
			buildActionMask = 2147483647;
			files = (
				1936FDDE061907BFAB2145AE /* libPods-POSRxTests.a in Frameworks */,
			);
			runOnlyForDeploymentPostprocessing = 0;
		};
/* End PBXFrameworksBuildPhase section */

/* Begin PBXGroup section */
		211A33D21BA0241300D92A27 /* Networking */ = {
			isa = PBXGroup;
			children = (
				211A33D31BA0267700D92A27 /* POSHTTPGatewayTests.m */,
				21B23CF31BA1AD67006D4FAA /* POSHTTPGatewayLeakTests.m */,
			);
			path = Networking;
			sourceTree = "<group>";
		};
		212B41B11B85B89300B59E48 = {
			isa = PBXGroup;
			children = (
				212B41D41B85BBB200B59E48 /* POSRx */,
				212B41C91B85B89300B59E48 /* POSRxTests */,
				212B41BB1B85B89300B59E48 /* Products */,
				5DD89B6C08F3FA4C0F5097B9 /* Pods */,
				A9DD9B38CF6F46E4098FF3EC /* Frameworks */,
			);
			sourceTree = "<group>";
		};
		212B41BB1B85B89300B59E48 /* Products */ = {
			isa = PBXGroup;
			children = (
				212B41BA1B85B89300B59E48 /* libPOSRx.a */,
				212B41C51B85B89300B59E48 /* POSRxTests.xctest */,
			);
			name = Products;
			sourceTree = "<group>";
		};
		212B41C91B85B89300B59E48 /* POSRxTests */ = {
			isa = PBXGroup;
			children = (
				211A33D21BA0241300D92A27 /* Networking */,
				212B41E11B85BC1D00B59E48 /* Scheduling */,
				212B41CA1B85B89300B59E48 /* Supporting Files */,
			);
			path = POSRxTests;
			sourceTree = "<group>";
		};
		212B41CA1B85B89300B59E48 /* Supporting Files */ = {
			isa = PBXGroup;
			children = (
				212B41CB1B85B89300B59E48 /* Info.plist */,
			);
			name = "Supporting Files";
			sourceTree = "<group>";
		};
		212B41D41B85BBB200B59E48 /* POSRx */ = {
			isa = PBXGroup;
			children = (
				E946DE1E1BA3852C00942CDE /* Networking */,
				E946DE3B1BA3852C00942CDE /* Scheduling */,
				E946DE411BA3852C00942CDE /* Utils */,
				E946DE3A1BA3852C00942CDE /* POSRx.h */,
			);
			path = POSRx;
			sourceTree = "<group>";
		};
		212B41E11B85BC1D00B59E48 /* Scheduling */ = {
			isa = PBXGroup;
			children = (
				212B41E21B85BC1D00B59E48 /* POSSchedulableObjectMocks.h */,
				212B41E31B85BC1D00B59E48 /* POSSchedulableObjectMocks.m */,
				212B41E41B85BC1D00B59E48 /* POSSchedulableObjectTests.m */,
				211A33461B9D726800D92A27 /* POSTaskTests.m */,
				211A33D51BA0862100D92A27 /* POSTaskSchedulingTests.m */,
			);
			path = Scheduling;
			sourceTree = "<group>";
		};
		5DD89B6C08F3FA4C0F5097B9 /* Pods */ = {
			isa = PBXGroup;
			children = (
				6DBCEF70C626019ADB0DC3AA /* Pods-POSRxTests.debug.xcconfig */,
				8088C90EC5168CEB712A8776 /* Pods-POSRxTests.release.xcconfig */,
			);
			name = Pods;
			sourceTree = "<group>";
		};
		A9DD9B38CF6F46E4098FF3EC /* Frameworks */ = {
			isa = PBXGroup;
			children = (
				D4F690DF728689B5020A334E /* libPods-POSRxTests.a */,
			);
			name = Frameworks;
			sourceTree = "<group>";
		};
		E946DE1E1BA3852C00942CDE /* Networking */ = {
			isa = PBXGroup;
			children = (
				E946DE1F1BA3852C00942CDE /* Gateway */,
				E946DE241BA3852C00942CDE /* RequestOptions */,
				E946DE2B1BA3852C00942CDE /* Requests */,
				E946DE341BA3852C00942CDE /* Response */,
				E946DE371BA3852C00942CDE /* Utils */,
			);
			path = Networking;
			sourceTree = "<group>";
		};
		E946DE1F1BA3852C00942CDE /* Gateway */ = {
			isa = PBXGroup;
			children = (
				E946DE201BA3852C00942CDE /* POSHTTPGateway.h */,
				E946DE211BA3852C00942CDE /* POSHTTPGateway.m */,
			);
			path = Gateway;
			sourceTree = "<group>";
		};
		E946DE241BA3852C00942CDE /* RequestOptions */ = {
			isa = PBXGroup;
			children = (
				E946DE251BA3852C00942CDE /* POSHTTPRequestExecutionOptions.h */,
				E946DE261BA3852C00942CDE /* POSHTTPRequestExecutionOptions.m */,
				E946DE271BA3852C00942CDE /* POSHTTPRequestOptions.h */,
				E946DE281BA3852C00942CDE /* POSHTTPRequestOptions.m */,
				E946DE291BA3852C00942CDE /* POSHTTPRequestSimulationOptions.h */,
				E946DE2A1BA3852C00942CDE /* POSHTTPRequestSimulationOptions.m */,
			);
			path = RequestOptions;
			sourceTree = "<group>";
		};
		E946DE2B1BA3852C00942CDE /* Requests */ = {
			isa = PBXGroup;
			children = (
				E9C061F01BA46B42003B49B1 /* POSHTTPRequestProgress.h */,
				E9C061F11BA46B42003B49B1 /* POSHTTPRequestProgress.m */,
				E946DE301BA3852C00942CDE /* POSHTTPRequest.h */,
				E946DE311BA3852C00942CDE /* POSHTTPRequest.m */,
				E946DE2E1BA3852C00942CDE /* POSHTTPDownloadRequest.h */,
				E946DE2F1BA3852C00942CDE /* POSHTTPDownloadRequest.m */,
				E946DE321BA3852C00942CDE /* POSHTTPUploadRequest.h */,
				E946DE331BA3852C00942CDE /* POSHTTPUploadRequest.m */,
				E946DE2C1BA3852C00942CDE /* POSHTTPBackgroundUploadRequest.h */,
				E946DE2D1BA3852C00942CDE /* POSHTTPBackgroundUploadRequest.m */,
			);
			path = Requests;
			sourceTree = "<group>";
		};
		E946DE341BA3852C00942CDE /* Response */ = {
			isa = PBXGroup;
			children = (
				E946DE351BA3852C00942CDE /* POSHTTPResponse.h */,
				E946DE361BA3852C00942CDE /* POSHTTPResponse.m */,
			);
			path = Response;
			sourceTree = "<group>";
		};
		E946DE371BA3852C00942CDE /* Utils */ = {
			isa = PBXGroup;
			children = (
				E946DE381BA3852C00942CDE /* POSHTTPBackgroundUploadDescription.h */,
				E946DE391BA3852C00942CDE /* POSHTTPBackgroundUploadDescription.m */,
			);
			path = Utils;
			sourceTree = "<group>";
		};
		E946DE3B1BA3852C00942CDE /* Scheduling */ = {
			isa = PBXGroup;
			children = (
				E946DE3C1BA3852C00942CDE /* POSSchedulable.h */,
				E946DE3D1BA3852C00942CDE /* POSSchedulableObject.h */,
				E946DE3E1BA3852C00942CDE /* POSSchedulableObject.m */,
				E946DE3F1BA3852C00942CDE /* POSTask.h */,
				E946DE401BA3852C00942CDE /* POSTask.m */,
			);
			path = Scheduling;
			sourceTree = "<group>";
		};
		E946DE411BA3852C00942CDE /* Utils */ = {
			isa = PBXGroup;
			children = (
				E946DE421BA3852C00942CDE /* NSDictionary+POSRx.h */,
				E946DE431BA3852C00942CDE /* NSDictionary+POSRx.m */,
				E946DE441BA3852C00942CDE /* NSError+POSRx.h */,
				E946DE451BA3852C00942CDE /* NSError+POSRx.m */,
				E946DE461BA3852C00942CDE /* NSException+POSRx.h */,
				E946DE471BA3852C00942CDE /* NSException+POSRx.m */,
				E946DE481BA3852C00942CDE /* NSObject+POSRx.h */,
				E946DE491BA3852C00942CDE /* NSObject+POSRx.m */,
				E946DE4A1BA3852C00942CDE /* NSURL+POSRx.h */,
				E946DE4B1BA3852C00942CDE /* NSURL+POSRx.m */,
				E946DE4C1BA3852C00942CDE /* NSURLCache+POSRx.h */,
				E946DE4D1BA3852C00942CDE /* NSURLCache+POSRx.m */,
				E946DE4E1BA3852C00942CDE /* POSSystemInfo.h */,
				E946DE4F1BA3852C00942CDE /* POSSystemInfo.m */,
			);
			path = Utils;
			sourceTree = "<group>";
		};
/* End PBXGroup section */

/* Begin PBXNativeTarget section */
		212B41B91B85B89300B59E48 /* POSRx */ = {
			isa = PBXNativeTarget;
			buildConfigurationList = 212B41CE1B85B89300B59E48 /* Build configuration list for PBXNativeTarget "POSRx" */;
			buildPhases = (
				212B41B61B85B89300B59E48 /* Sources */,
				212B41B71B85B89300B59E48 /* Frameworks */,
				212B41B81B85B89300B59E48 /* CopyFiles */,
			);
			buildRules = (
			);
			dependencies = (
			);
			name = POSRx;
			productName = POSRx;
			productReference = 212B41BA1B85B89300B59E48 /* libPOSRx.a */;
			productType = "com.apple.product-type.library.static";
		};
		212B41C41B85B89300B59E48 /* POSRxTests */ = {
			isa = PBXNativeTarget;
			buildConfigurationList = 212B41D11B85B89300B59E48 /* Build configuration list for PBXNativeTarget "POSRxTests" */;
			buildPhases = (
				A8E25C3052763FCA801214BB /* Check Pods Manifest.lock */,
				212B41C11B85B89300B59E48 /* Sources */,
				212B41C21B85B89300B59E48 /* Frameworks */,
				212B41C31B85B89300B59E48 /* Resources */,
				87E7B213C818C55E98771855 /* Copy Pods Resources */,
			);
			buildRules = (
			);
			dependencies = (
				212B41C81B85B89300B59E48 /* PBXTargetDependency */,
			);
			name = POSRxTests;
			productName = POSRxTests;
			productReference = 212B41C51B85B89300B59E48 /* POSRxTests.xctest */;
			productType = "com.apple.product-type.bundle.unit-test";
		};
/* End PBXNativeTarget section */

/* Begin PBXProject section */
		212B41B21B85B89300B59E48 /* Project object */ = {
			isa = PBXProject;
			attributes = {
				LastUpgradeCheck = 0700;
				ORGANIZATIONNAME = "Pavel Osipov";
				TargetAttributes = {
					212B41B91B85B89300B59E48 = {
						CreatedOnToolsVersion = 6.4;
					};
					212B41C41B85B89300B59E48 = {
						CreatedOnToolsVersion = 6.4;
					};
				};
			};
			buildConfigurationList = 212B41B51B85B89300B59E48 /* Build configuration list for PBXProject "POSRx" */;
			compatibilityVersion = "Xcode 3.2";
			developmentRegion = English;
			hasScannedForEncodings = 0;
			knownRegions = (
				en,
			);
			mainGroup = 212B41B11B85B89300B59E48;
			productRefGroup = 212B41BB1B85B89300B59E48 /* Products */;
			projectDirPath = "";
			projectRoot = "";
			targets = (
				212B41B91B85B89300B59E48 /* POSRx */,
				212B41C41B85B89300B59E48 /* POSRxTests */,
			);
		};
/* End PBXProject section */

/* Begin PBXResourcesBuildPhase section */
		212B41C31B85B89300B59E48 /* Resources */ = {
			isa = PBXResourcesBuildPhase;
			buildActionMask = 2147483647;
			files = (
			);
			runOnlyForDeploymentPostprocessing = 0;
		};
/* End PBXResourcesBuildPhase section */

/* Begin PBXShellScriptBuildPhase section */
		87E7B213C818C55E98771855 /* Copy Pods Resources */ = {
			isa = PBXShellScriptBuildPhase;
			buildActionMask = 2147483647;
			files = (
			);
			inputPaths = (
			);
			name = "Copy Pods Resources";
			outputPaths = (
			);
			runOnlyForDeploymentPostprocessing = 0;
			shellPath = /bin/sh;
			shellScript = "\"${SRCROOT}/Pods/Target Support Files/Pods-POSRxTests/Pods-POSRxTests-resources.sh\"\n";
			showEnvVarsInLog = 0;
		};
		A8E25C3052763FCA801214BB /* Check Pods Manifest.lock */ = {
			isa = PBXShellScriptBuildPhase;
			buildActionMask = 2147483647;
			files = (
			);
			inputPaths = (
			);
			name = "Check Pods Manifest.lock";
			outputPaths = (
			);
			runOnlyForDeploymentPostprocessing = 0;
			shellPath = /bin/sh;
			shellScript = "diff \"${PODS_ROOT}/../Podfile.lock\" \"${PODS_ROOT}/Manifest.lock\" > /dev/null\nif [[ $? != 0 ]] ; then\n    cat << EOM\nerror: The sandbox is not in sync with the Podfile.lock. Run 'pod install' or update your CocoaPods installation.\nEOM\n    exit 1\nfi\n";
			showEnvVarsInLog = 0;
		};
/* End PBXShellScriptBuildPhase section */

/* Begin PBXSourcesBuildPhase section */
		212B41B61B85B89300B59E48 /* Sources */ = {
			isa = PBXSourcesBuildPhase;
			buildActionMask = 2147483647;
			files = (
				E946DE581BA3852C00942CDE /* POSHTTPUploadRequest.m in Sources */,
				E946DE631BA3852C00942CDE /* POSSystemInfo.m in Sources */,
				E946DE601BA3852C00942CDE /* NSObject+POSRx.m in Sources */,
				E946DE591BA3852C00942CDE /* POSHTTPResponse.m in Sources */,
				E946DE5D1BA3852C00942CDE /* NSDictionary+POSRx.m in Sources */,
				E946DE621BA3852C00942CDE /* NSURLCache+POSRx.m in Sources */,
				E946DE551BA3852C00942CDE /* POSHTTPBackgroundUploadRequest.m in Sources */,
				E9C061F21BA46B42003B49B1 /* POSHTTPRequestProgress.m in Sources */,
				E946DE5F1BA3852C00942CDE /* NSException+POSRx.m in Sources */,
				E946DE531BA3852C00942CDE /* POSHTTPRequestOptions.m in Sources */,
				E946DE5E1BA3852C00942CDE /* NSError+POSRx.m in Sources */,
				E946DE521BA3852C00942CDE /* POSHTTPRequestExecutionOptions.m in Sources */,
				E946DE5A1BA3852C00942CDE /* POSHTTPBackgroundUploadDescription.m in Sources */,
				E946DE501BA3852C00942CDE /* POSHTTPGateway.m in Sources */,
				E946DE541BA3852C00942CDE /* POSHTTPRequestSimulationOptions.m in Sources */,
				E946DE611BA3852C00942CDE /* NSURL+POSRx.m in Sources */,
				E946DE571BA3852C00942CDE /* POSHTTPRequest.m in Sources */,
				E946DE5B1BA3852C00942CDE /* POSSchedulableObject.m in Sources */,
				E946DE5C1BA3852C00942CDE /* POSTask.m in Sources */,
				E946DE561BA3852C00942CDE /* POSHTTPDownloadRequest.m in Sources */,
			);
			runOnlyForDeploymentPostprocessing = 0;
		};
		212B41C11B85B89300B59E48 /* Sources */ = {
			isa = PBXSourcesBuildPhase;
			buildActionMask = 2147483647;
			files = (
				212B41E81B85BC1D00B59E48 /* POSSchedulableObjectTests.m in Sources */,
				211A33D61BA0862100D92A27 /* POSTaskSchedulingTests.m in Sources */,
				212B41E71B85BC1D00B59E48 /* POSSchedulableObjectMocks.m in Sources */,
				211A33471B9D726800D92A27 /* POSTaskTests.m in Sources */,
				21B23CF41BA1AD67006D4FAA /* POSHTTPGatewayLeakTests.m in Sources */,
				211A33D41BA0267700D92A27 /* POSHTTPGatewayTests.m in Sources */,
			);
			runOnlyForDeploymentPostprocessing = 0;
		};
/* End PBXSourcesBuildPhase section */

/* Begin PBXTargetDependency section */
		212B41C81B85B89300B59E48 /* PBXTargetDependency */ = {
			isa = PBXTargetDependency;
			target = 212B41B91B85B89300B59E48 /* POSRx */;
			targetProxy = 212B41C71B85B89300B59E48 /* PBXContainerItemProxy */;
		};
/* End PBXTargetDependency section */

/* Begin XCBuildConfiguration section */
		212B41CC1B85B89300B59E48 /* Debug */ = {
			isa = XCBuildConfiguration;
			buildSettings = {
				ALWAYS_SEARCH_USER_PATHS = NO;
				CLANG_CXX_LANGUAGE_STANDARD = "gnu++0x";
				CLANG_CXX_LIBRARY = "libc++";
				CLANG_ENABLE_MODULES = YES;
				CLANG_ENABLE_OBJC_ARC = YES;
				CLANG_WARN_BOOL_CONVERSION = YES;
				CLANG_WARN_CONSTANT_CONVERSION = YES;
				CLANG_WARN_DIRECT_OBJC_ISA_USAGE = YES_ERROR;
				CLANG_WARN_EMPTY_BODY = YES;
				CLANG_WARN_ENUM_CONVERSION = YES;
				CLANG_WARN_INT_CONVERSION = YES;
				CLANG_WARN_OBJC_ROOT_CLASS = YES_ERROR;
				CLANG_WARN_UNREACHABLE_CODE = YES;
				CLANG_WARN__DUPLICATE_METHOD_MATCH = YES;
				COPY_PHASE_STRIP = NO;
				DEBUG_INFORMATION_FORMAT = "dwarf-with-dsym";
				ENABLE_STRICT_OBJC_MSGSEND = YES;
				ENABLE_TESTABILITY = YES;
				GCC_C_LANGUAGE_STANDARD = gnu99;
				GCC_DYNAMIC_NO_PIC = NO;
				GCC_NO_COMMON_BLOCKS = YES;
				GCC_OPTIMIZATION_LEVEL = 0;
				GCC_PREPROCESSOR_DEFINITIONS = (
					"DEBUG=1",
					"$(inherited)",
				);
				GCC_SYMBOLS_PRIVATE_EXTERN = NO;
				GCC_WARN_64_TO_32_BIT_CONVERSION = YES;
				GCC_WARN_ABOUT_RETURN_TYPE = YES_ERROR;
				GCC_WARN_UNDECLARED_SELECTOR = YES;
				GCC_WARN_UNINITIALIZED_AUTOS = YES_AGGRESSIVE;
				GCC_WARN_UNUSED_FUNCTION = YES;
				GCC_WARN_UNUSED_VARIABLE = YES;
				IPHONEOS_DEPLOYMENT_TARGET = 8.4;
				MTL_ENABLE_DEBUG_INFO = YES;
				ONLY_ACTIVE_ARCH = YES;
				SDKROOT = iphoneos;
			};
			name = Debug;
		};
		212B41CD1B85B89300B59E48 /* Release */ = {
			isa = XCBuildConfiguration;
			buildSettings = {
				ALWAYS_SEARCH_USER_PATHS = NO;
				CLANG_CXX_LANGUAGE_STANDARD = "gnu++0x";
				CLANG_CXX_LIBRARY = "libc++";
				CLANG_ENABLE_MODULES = YES;
				CLANG_ENABLE_OBJC_ARC = YES;
				CLANG_WARN_BOOL_CONVERSION = YES;
				CLANG_WARN_CONSTANT_CONVERSION = YES;
				CLANG_WARN_DIRECT_OBJC_ISA_USAGE = YES_ERROR;
				CLANG_WARN_EMPTY_BODY = YES;
				CLANG_WARN_ENUM_CONVERSION = YES;
				CLANG_WARN_INT_CONVERSION = YES;
				CLANG_WARN_OBJC_ROOT_CLASS = YES_ERROR;
				CLANG_WARN_UNREACHABLE_CODE = YES;
				CLANG_WARN__DUPLICATE_METHOD_MATCH = YES;
				COPY_PHASE_STRIP = NO;
				DEBUG_INFORMATION_FORMAT = "dwarf-with-dsym";
				ENABLE_NS_ASSERTIONS = NO;
				ENABLE_STRICT_OBJC_MSGSEND = YES;
				GCC_C_LANGUAGE_STANDARD = gnu99;
				GCC_NO_COMMON_BLOCKS = YES;
				GCC_WARN_64_TO_32_BIT_CONVERSION = YES;
				GCC_WARN_ABOUT_RETURN_TYPE = YES_ERROR;
				GCC_WARN_UNDECLARED_SELECTOR = YES;
				GCC_WARN_UNINITIALIZED_AUTOS = YES_AGGRESSIVE;
				GCC_WARN_UNUSED_FUNCTION = YES;
				GCC_WARN_UNUSED_VARIABLE = YES;
				IPHONEOS_DEPLOYMENT_TARGET = 8.4;
				MTL_ENABLE_DEBUG_INFO = NO;
				SDKROOT = iphoneos;
				VALIDATE_PRODUCT = YES;
			};
			name = Release;
		};
		212B41CF1B85B89300B59E48 /* Debug */ = {
			isa = XCBuildConfiguration;
			buildSettings = {
				HEADER_SEARCH_PATHS = (
					"$(inherited)",
					"\"${PODS_ROOT}/Headers/Public\"",
					/Applications/Xcode.app/Contents/Developer/Toolchains/XcodeDefault.xctoolchain/usr/include,
				);
				OTHER_LDFLAGS = "-ObjC";
				PODS_ROOT = "${SRCROOT}/Pods";
				PRODUCT_NAME = "$(TARGET_NAME)";
				SKIP_INSTALL = YES;
			};
			name = Debug;
		};
		212B41D01B85B89300B59E48 /* Release */ = {
			isa = XCBuildConfiguration;
			buildSettings = {
				HEADER_SEARCH_PATHS = (
					"$(inherited)",
					"\"${PODS_ROOT}/Headers/Public\"",
					/Applications/Xcode.app/Contents/Developer/Toolchains/XcodeDefault.xctoolchain/usr/include,
				);
				OTHER_LDFLAGS = "-ObjC";
				PODS_ROOT = "${SRCROOT}/Pods";
				PRODUCT_NAME = "$(TARGET_NAME)";
				SKIP_INSTALL = YES;
			};
			name = Release;
		};
		212B41D21B85B89300B59E48 /* Debug */ = {
			isa = XCBuildConfiguration;
			baseConfigurationReference = 6DBCEF70C626019ADB0DC3AA /* Pods-POSRxTests.debug.xcconfig */;
			buildSettings = {
				"CODE_SIGN_IDENTITY[sdk=iphoneos*]" = "iPhone Developer";
				GCC_PREPROCESSOR_DEFINITIONS = (
					"DEBUG=1",
					"$(inherited)",
				);
				INFOPLIST_FILE = POSRxTests/Info.plist;
				LD_RUNPATH_SEARCH_PATHS = "$(inherited) @executable_path/Frameworks @loader_path/Frameworks";
				PRODUCT_BUNDLE_IDENTIFIER = "com.github.pavelosipov.$(PRODUCT_NAME:rfc1034identifier)";
				PRODUCT_NAME = "$(TARGET_NAME)";
			};
			name = Debug;
		};
		212B41D31B85B89300B59E48 /* Release */ = {
			isa = XCBuildConfiguration;
			baseConfigurationReference = 8088C90EC5168CEB712A8776 /* Pods-POSRxTests.release.xcconfig */;
			buildSettings = {
				"CODE_SIGN_IDENTITY[sdk=iphoneos*]" = "iPhone Developer";
				INFOPLIST_FILE = POSRxTests/Info.plist;
				LD_RUNPATH_SEARCH_PATHS = "$(inherited) @executable_path/Frameworks @loader_path/Frameworks";
				PRODUCT_BUNDLE_IDENTIFIER = "com.github.pavelosipov.$(PRODUCT_NAME:rfc1034identifier)";
				PRODUCT_NAME = "$(TARGET_NAME)";
			};
			name = Release;
		};
/* End XCBuildConfiguration section */

/* Begin XCConfigurationList section */
		212B41B51B85B89300B59E48 /* Build configuration list for PBXProject "POSRx" */ = {
			isa = XCConfigurationList;
			buildConfigurations = (
				212B41CC1B85B89300B59E48 /* Debug */,
				212B41CD1B85B89300B59E48 /* Release */,
			);
			defaultConfigurationIsVisible = 0;
			defaultConfigurationName = Release;
		};
		212B41CE1B85B89300B59E48 /* Build configuration list for PBXNativeTarget "POSRx" */ = {
			isa = XCConfigurationList;
			buildConfigurations = (
				212B41CF1B85B89300B59E48 /* Debug */,
				212B41D01B85B89300B59E48 /* Release */,
			);
			defaultConfigurationIsVisible = 0;
			defaultConfigurationName = Release;
		};
		212B41D11B85B89300B59E48 /* Build configuration list for PBXNativeTarget "POSRxTests" */ = {
			isa = XCConfigurationList;
			buildConfigurations = (
				212B41D21B85B89300B59E48 /* Debug */,
				212B41D31B85B89300B59E48 /* Release */,
			);
			defaultConfigurationIsVisible = 0;
			defaultConfigurationName = Release;
		};
/* End XCConfigurationList section */
	};
	rootObject = 212B41B21B85B89300B59E48 /* Project object */;
}
